
Microsoft Visual Studio Solution File, Format Version 12.00
# Visual Studio Version 17
VisualStudioVersion = 17.4.33110.190
MinimumVisualStudioVersion = 10.0.40219.1
Project("{888888A0-9F3D-457C-B088-3A5042F75D52}") = "binarytreename", "binarytreename.pyproj", "{401DD603-18AF-42DC-B52B-702FDCCA57CF}"
EndProject
Global
	GlobalSection(SolutionConfigurationPlatforms) = preSolution
		Debug|Any CPU = Debug|Any CPU
		Release|Any CPU = Release|Any CPU
	EndGlobalSection
	GlobalSection(ProjectConfigurationPlatforms) = postSolution
		{401DD603-18AF-42DC-B52B-702FDCCA57CF}.Debug|Any CPU.ActiveCfg = Debug|Any CPU
		{401DD603-18AF-42DC-B52B-702FDCCA57CF}.Release|Any CPU.ActiveCfg = Release|Any CPU
	EndGlobalSection
	GlobalSection(SolutionProperties) = preSolution
		HideSolutionNode = FALSE
	EndGlobalSection
	GlobalSection(ExtensibilityGlobals) = postSolution
		SolutionGuid = {A65F70CA-24ED-43E0-A311-3B3CD45045A1}
	EndGlobalSection
EndGlobal
